// !$*UTF8*$!
{
	archiveVersion = 1;
	classes = {
	};
	objectVersion = 46;
	objects = {

/* Begin PBXBuildFile section */
		21D6294A1D28B2CD009D08A0 /* AppDelegate.swift in Sources */ = {isa = PBXBuildFile; fileRef = 21D629491D28B2CD009D08A0 /* AppDelegate.swift */; };
		21D6294C1D28B2CD009D08A0 /* ViewController.swift in Sources */ = {isa = PBXBuildFile; fileRef = 21D6294B1D28B2CD009D08A0 /* ViewController.swift */; };
		21D6294F1D28B2CD009D08A0 /* Main.storyboard in Resources */ = {isa = PBXBuildFile; fileRef = 21D6294D1D28B2CD009D08A0 /* Main.storyboard */; };
		21D629511D28B2CD009D08A0 /* Assets.xcassets in Resources */ = {isa = PBXBuildFile; fileRef = 21D629501D28B2CD009D08A0 /* Assets.xcassets */; };
		21D629541D28B2CD009D08A0 /* LaunchScreen.storyboard in Resources */ = {isa = PBXBuildFile; fileRef = 21D629521D28B2CD009D08A0 /* LaunchScreen.storyboard */; };
		21D6295F1D28B2CD009D08A0 /* nowduTests.swift in Sources */ = {isa = PBXBuildFile; fileRef = 21D6295E1D28B2CD009D08A0 /* nowduTests.swift */; };
		21D6296A1D28B2CD009D08A0 /* nowduUITests.swift in Sources */ = {isa = PBXBuildFile; fileRef = 21D629691D28B2CD009D08A0 /* nowduUITests.swift */; };
/* End PBXBuildFile section */

/* Begin PBXContainerItemProxy section */
		21D6295B1D28B2CD009D08A0 /* PBXContainerItemProxy */ = {
			isa = PBXContainerItemProxy;
			containerPortal = 21D6293E1D28B2CD009D08A0 /* Project object */;
			proxyType = 1;
			remoteGlobalIDString = 21D629451D28B2CD009D08A0;
			remoteInfo = nowdu;
		};
		21D629661D28B2CD009D08A0 /* PBXContainerItemProxy */ = {
			isa = PBXContainerItemProxy;
			containerPortal = 21D6293E1D28B2CD009D08A0 /* Project object */;
			proxyType = 1;
			remoteGlobalIDString = 21D629451D28B2CD009D08A0;
			remoteInfo = nowdu;
		};
/* End PBXContainerItemProxy section */

/* Begin PBXFileReference section */
		21D629461D28B2CD009D08A0 /* nowdu.app */ = {isa = PBXFileReference; explicitFileType = wrapper.application; includeInIndex = 0; path = nowdu.app; sourceTree = BUILT_PRODUCTS_DIR; };
		21D629491D28B2CD009D08A0 /* AppDelegate.swift */ = {isa = PBXFileReference; lastKnownFileType = sourcecode.swift; path = AppDelegate.swift; sourceTree = "<group>"; };
		21D6294B1D28B2CD009D08A0 /* ViewController.swift */ = {isa = PBXFileReference; lastKnownFileType = sourcecode.swift; path = ViewController.swift; sourceTree = "<group>"; };
		21D6294E1D28B2CD009D08A0 /* Base */ = {isa = PBXFileReference; lastKnownFileType = file.storyboard; name = Base; path = Base.lproj/Main.storyboard; sourceTree = "<group>"; };
		21D629501D28B2CD009D08A0 /* Assets.xcassets */ = {isa = PBXFileReference; lastKnownFileType = folder.assetcatalog; path = Assets.xcassets; sourceTree = "<group>"; };
		21D629531D28B2CD009D08A0 /* Base */ = {isa = PBXFileReference; lastKnownFileType = file.storyboard; name = Base; path = Base.lproj/LaunchScreen.storyboard; sourceTree = "<group>"; };
		21D629551D28B2CD009D08A0 /* Info.plist */ = {isa = PBXFileReference; lastKnownFileType = text.plist.xml; path = Info.plist; sourceTree = "<group>"; };
		21D6295A1D28B2CD009D08A0 /* nowduTests.xctest */ = {isa = PBXFileReference; explicitFileType = wrapper.cfbundle; includeInIndex = 0; path = nowduTests.xctest; sourceTree = BUILT_PRODUCTS_DIR; };
		21D6295E1D28B2CD009D08A0 /* nowduTests.swift */ = {isa = PBXFileReference; lastKnownFileType = sourcecode.swift; path = nowduTests.swift; sourceTree = "<group>"; };
		21D629601D28B2CD009D08A0 /* Info.plist */ = {isa = PBXFileReference; lastKnownFileType = text.plist.xml; path = Info.plist; sourceTree = "<group>"; };
		21D629651D28B2CD009D08A0 /* nowduUITests.xctest */ = {isa = PBXFileReference; explicitFileType = wrapper.cfbundle; includeInIndex = 0; path = nowduUITests.xctest; sourceTree = BUILT_PRODUCTS_DIR; };
		21D629691D28B2CD009D08A0 /* nowduUITests.swift */ = {isa = PBXFileReference; lastKnownFileType = sourcecode.swift; path = nowduUITests.swift; sourceTree = "<group>"; };
		21D6296B1D28B2CD009D08A0 /* Info.plist */ = {isa = PBXFileReference; lastKnownFileType = text.plist.xml; path = Info.plist; sourceTree = "<group>"; };
/* End PBXFileReference section */

/* Begin PBXFrameworksBuildPhase section */
		21D629431D28B2CD009D08A0 /* Frameworks */ = {
			isa = PBXFrameworksBuildPhase;
			buildActionMask = 2147483647;
			files = (
			);
			runOnlyForDeploymentPostprocessing = 0;
		};
		21D629571D28B2CD009D08A0 /* Frameworks */ = {
			isa = PBXFrameworksBuildPhase;
			buildActionMask = 2147483647;
			files = (
			);
			runOnlyForDeploymentPostprocessing = 0;
		};
		21D629621D28B2CD009D08A0 /* Frameworks */ = {
			isa = PBXFrameworksBuildPhase;
			buildActionMask = 2147483647;
			files = (
			);
			runOnlyForDeploymentPostprocessing = 0;
		};
/* End PBXFrameworksBuildPhase section */

/* Begin PBXGroup section */
		21D6293D1D28B2CD009D08A0 = {
			isa = PBXGroup;
			children = (
				21D629481D28B2CD009D08A0 /* nowdu */,
				21D6295D1D28B2CD009D08A0 /* nowduTests */,
				21D629681D28B2CD009D08A0 /* nowduUITests */,
				21D629471D28B2CD009D08A0 /* Products */,
			);
			sourceTree = "<group>";
		};
		21D629471D28B2CD009D08A0 /* Products */ = {
			isa = PBXGroup;
			children = (
				21D629461D28B2CD009D08A0 /* nowdu.app */,
				21D6295A1D28B2CD009D08A0 /* nowduTests.xctest */,
				21D629651D28B2CD009D08A0 /* nowduUITests.xctest */,
			);
			name = Products;
			sourceTree = "<group>";
		};
		21D629481D28B2CD009D08A0 /* nowdu */ = {
			isa = PBXGroup;
			children = (
				21D629491D28B2CD009D08A0 /* AppDelegate.swift */,
				21D6294B1D28B2CD009D08A0 /* ViewController.swift */,
				21D6294D1D28B2CD009D08A0 /* Main.storyboard */,
				21D629501D28B2CD009D08A0 /* Assets.xcassets */,
				21D629521D28B2CD009D08A0 /* LaunchScreen.storyboard */,
				21D629551D28B2CD009D08A0 /* Info.plist */,
			);
			path = nowdu;
			sourceTree = "<group>";
		};
		21D6295D1D28B2CD009D08A0 /* nowduTests */ = {
			isa = PBXGroup;
			children = (
				21D6295E1D28B2CD009D08A0 /* nowduTests.swift */,
				21D629601D28B2CD009D08A0 /* Info.plist */,
			);
			path = nowduTests;
			sourceTree = "<group>";
		};
		21D629681D28B2CD009D08A0 /* nowduUITests */ = {
			isa = PBXGroup;
			children = (
				21D629691D28B2CD009D08A0 /* nowduUITests.swift */,
				21D6296B1D28B2CD009D08A0 /* Info.plist */,
			);
			path = nowduUITests;
			sourceTree = "<group>";
		};
/* End PBXGroup section */

/* Begin PBXNativeTarget section */
		21D629451D28B2CD009D08A0 /* nowdu */ = {
			isa = PBXNativeTarget;
			buildConfigurationList = 21D6296E1D28B2CD009D08A0 /* Build configuration list for PBXNativeTarget "nowdu" */;
			buildPhases = (
				21D629421D28B2CD009D08A0 /* Sources */,
				21D629431D28B2CD009D08A0 /* Frameworks */,
				21D629441D28B2CD009D08A0 /* Resources */,
			);
			buildRules = (
			);
			dependencies = (
			);
			name = nowdu;
			productName = nowdu;
			productReference = 21D629461D28B2CD009D08A0 /* nowdu.app */;
			productType = "com.apple.product-type.application";
		};
		21D629591D28B2CD009D08A0 /* nowduTests */ = {
			isa = PBXNativeTarget;
			buildConfigurationList = 21D629711D28B2CD009D08A0 /* Build configuration list for PBXNativeTarget "nowduTests" */;
			buildPhases = (
				21D629561D28B2CD009D08A0 /* Sources */,
				21D629571D28B2CD009D08A0 /* Frameworks */,
				21D629581D28B2CD009D08A0 /* Resources */,
			);
			buildRules = (
			);
			dependencies = (
				21D6295C1D28B2CD009D08A0 /* PBXTargetDependency */,
			);
			name = nowduTests;
			productName = nowduTests;
			productReference = 21D6295A1D28B2CD009D08A0 /* nowduTests.xctest */;
			productType = "com.apple.product-type.bundle.unit-test";
		};
		21D629641D28B2CD009D08A0 /* nowduUITests */ = {
			isa = PBXNativeTarget;
			buildConfigurationList = 21D629741D28B2CD009D08A0 /* Build configuration list for PBXNativeTarget "nowduUITests" */;
			buildPhases = (
				21D629611D28B2CD009D08A0 /* Sources */,
				21D629621D28B2CD009D08A0 /* Frameworks */,
				21D629631D28B2CD009D08A0 /* Resources */,
			);
			buildRules = (
			);
			dependencies = (
				21D629671D28B2CD009D08A0 /* PBXTargetDependency */,
			);
			name = nowduUITests;
			productName = nowduUITests;
			productReference = 21D629651D28B2CD009D08A0 /* nowduUITests.xctest */;
			productType = "com.apple.product-type.bundle.ui-testing";
		};
/* End PBXNativeTarget section */

/* Begin PBXProject section */
		21D6293E1D28B2CD009D08A0 /* Project object */ = {
			isa = PBXProject;
			attributes = {
				LastSwiftUpdateCheck = 0730;
				LastUpgradeCheck = 0730;
				ORGANIZATIONNAME = "NiceWrk, LLC";
				TargetAttributes = {
					21D629451D28B2CD009D08A0 = {
						CreatedOnToolsVersion = 7.3.1;
						DevelopmentTeam = WR6FAC8K5W;
					};
					21D629591D28B2CD009D08A0 = {
						CreatedOnToolsVersion = 7.3.1;
						TestTargetID = 21D629451D28B2CD009D08A0;
					};
					21D629641D28B2CD009D08A0 = {
						CreatedOnToolsVersion = 7.3.1;
						TestTargetID = 21D629451D28B2CD009D08A0;
					};
				};
			};
			buildConfigurationList = 21D629411D28B2CD009D08A0 /* Build configuration list for PBXProject "nowdu" */;
			compatibilityVersion = "Xcode 3.2";
			developmentRegion = English;
			hasScannedForEncodings = 0;
			knownRegions = (
				en,
				Base,
			);
			mainGroup = 21D6293D1D28B2CD009D08A0;
			productRefGroup = 21D629471D28B2CD009D08A0 /* Products */;
			projectDirPath = "";
			projectRoot = "";
			targets = (
				21D629451D28B2CD009D08A0 /* nowdu */,
				21D629591D28B2CD009D08A0 /* nowduTests */,
				21D629641D28B2CD009D08A0 /* nowduUITests */,
			);
		};
/* End PBXProject section */

/* Begin PBXResourcesBuildPhase section */
		21D629441D28B2CD009D08A0 /* Resources */ = {
			isa = PBXResourcesBuildPhase;
			buildActionMask = 2147483647;
			files = (
				21D629541D28B2CD009D08A0 /* LaunchScreen.storyboard in Resources */,
				21D629511D28B2CD009D08A0 /* Assets.xcassets in Resources */,
				21D6294F1D28B2CD009D08A0 /* Main.storyboard in Resources */,
			);
			runOnlyForDeploymentPostprocessing = 0;
		};
		21D629581D28B2CD009D08A0 /* Resources */ = {
			isa = PBXResourcesBuildPhase;
			buildActionMask = 2147483647;
			files = (
			);
			runOnlyForDeploymentPostprocessing = 0;
		};
		21D629631D28B2CD009D08A0 /* Resources */ = {
			isa = PBXResourcesBuildPhase;
			buildActionMask = 2147483647;
			files = (
			);
			runOnlyForDeploymentPostprocessing = 0;
		};
/* End PBXResourcesBuildPhase section */

/* Begin PBXSourcesBuildPhase section */
		21D629421D28B2CD009D08A0 /* Sources */ = {
			isa = PBXSourcesBuildPhase;
			buildActionMask = 2147483647;
			files = (
				21D6294C1D28B2CD009D08A0 /* ViewController.swift in Sources */,
				21D6294A1D28B2CD009D08A0 /* AppDelegate.swift in Sources */,
			);
			runOnlyForDeploymentPostprocessing = 0;
		};
		21D629561D28B2CD009D08A0 /* Sources */ = {
			isa = PBXSourcesBuildPhase;
			buildActionMask = 2147483647;
			files = (
				21D6295F1D28B2CD009D08A0 /* nowduTests.swift in Sources */,
			);
			runOnlyForDeploymentPostprocessing = 0;
		};
		21D629611D28B2CD009D08A0 /* Sources */ = {
			isa = PBXSourcesBuildPhase;
			buildActionMask = 2147483647;
			files = (
				21D6296A1D28B2CD009D08A0 /* nowduUITests.swift in Sources */,
			);
			runOnlyForDeploymentPostprocessing = 0;
		};
/* End PBXSourcesBuildPhase section */

/* Begin PBXTargetDependency section */
		21D6295C1D28B2CD009D08A0 /* PBXTargetDependency */ = {
			isa = PBXTargetDependency;
			target = 21D629451D28B2CD009D08A0 /* nowdu */;
			targetProxy = 21D6295B1D28B2CD009D08A0 /* PBXContainerItemProxy */;
		};
		21D629671D28B2CD009D08A0 /* PBXTargetDependency */ = {
			isa = PBXTargetDependency;
			target = 21D629451D28B2CD009D08A0 /* nowdu */;
			targetProxy = 21D629661D28B2CD009D08A0 /* PBXContainerItemProxy */;
		};
/* End PBXTargetDependency section */

/* Begin PBXVariantGroup section */
		21D6294D1D28B2CD009D08A0 /* Main.storyboard */ = {
			isa = PBXVariantGroup;
			children = (
				21D6294E1D28B2CD009D08A0 /* Base */,
			);
			name = Main.storyboard;
			sourceTree = "<group>";
		};
		21D629521D28B2CD009D08A0 /* LaunchScreen.storyboard */ = {
			isa = PBXVariantGroup;
			children = (
				21D629531D28B2CD009D08A0 /* Base */,
			);
			name = LaunchScreen.storyboard;
			sourceTree = "<group>";
		};
/* End PBXVariantGroup section */

/* Begin XCBuildConfiguration section */
		21D6296C1D28B2CD009D08A0 /* Debug */ = {
			isa = XCBuildConfiguration;
			buildSettings = {
				ALWAYS_SEARCH_USER_PATHS = NO;
				CLANG_ANALYZER_NONNULL = YES;
				CLANG_CXX_LANGUAGE_STANDARD = "gnu++0x";
				CLANG_CXX_LIBRARY = "libc++";
				CLANG_ENABLE_MODULES = YES;
				CLANG_ENABLE_OBJC_ARC = YES;
				CLANG_WARN_BOOL_CONVERSION = YES;
				CLANG_WARN_CONSTANT_CONVERSION = YES;
				CLANG_WARN_DIRECT_OBJC_ISA_USAGE = YES_ERROR;
				CLANG_WARN_EMPTY_BODY = YES;
				CLANG_WARN_ENUM_CONVERSION = YES;
				CLANG_WARN_INT_CONVERSION = YES;
				CLANG_WARN_OBJC_ROOT_CLASS = YES_ERROR;
				CLANG_WARN_UNREACHABLE_CODE = YES;
				CLANG_WARN__DUPLICATE_METHOD_MATCH = YES;
				"CODE_SIGN_IDENTITY[sdk=iphoneos*]" = "iPhone Developer";
				COPY_PHASE_STRIP = NO;
				DEBUG_INFORMATION_FORMAT = dwarf;
				ENABLE_STRICT_OBJC_MSGSEND = YES;
				ENABLE_TESTABILITY = YES;
				GCC_C_LANGUAGE_STANDARD = gnu99;
				GCC_DYNAMIC_NO_PIC = NO;
				GCC_NO_COMMON_BLOCKS = YES;
				GCC_OPTIMIZATION_LEVEL = 0;
				GCC_PREPROCESSOR_DEFINITIONS = (
					"DEBUG=1",
					"$(inherited)",
				);
				GCC_WARN_64_TO_32_BIT_CONVERSION = YES;
				GCC_WARN_ABOUT_RETURN_TYPE = YES_ERROR;
				GCC_WARN_UNDECLARED_SELECTOR = YES;
				GCC_WARN_UNINITIALIZED_AUTOS = YES_AGGRESSIVE;
				GCC_WARN_UNUSED_FUNCTION = YES;
				GCC_WARN_UNUSED_VARIABLE = YES;
				IPHONEOS_DEPLOYMENT_TARGET = 9.3;
				MTL_ENABLE_DEBUG_INFO = YES;
				ONLY_ACTIVE_ARCH = YES;
				SDKROOT = iphoneos;
				SWIFT_OPTIMIZATION_LEVEL = "-Onone";
				TARGETED_DEVICE_FAMILY = "1,2";
			};
			name = Debug;
		};
		21D6296D1D28B2CD009D08A0 /* Release */ = {
			isa = XCBuildConfiguration;
			buildSettings = {
				ALWAYS_SEARCH_USER_PATHS = NO;
				CLANG_ANALYZER_NONNULL = YES;
				CLANG_CXX_LANGUAGE_STANDARD = "gnu++0x";
				CLANG_CXX_LIBRARY = "libc++";
				CLANG_ENABLE_MODULES = YES;
				CLANG_ENABLE_OBJC_ARC = YES;
				CLANG_WARN_BOOL_CONVERSION = YES;
				CLANG_WARN_CONSTANT_CONVERSION = YES;
				CLANG_WARN_DIRECT_OBJC_ISA_USAGE = YES_ERROR;
				CLANG_WARN_EMPTY_BODY = YES;
				CLANG_WARN_ENUM_CONVERSION = YES;
				CLANG_WARN_INT_CONVERSION = YES;
				CLANG_WARN_OBJC_ROOT_CLASS = YES_ERROR;
				CLANG_WARN_UNREACHABLE_CODE = YES;
				CLANG_WARN__DUPLICATE_METHOD_MATCH = YES;
				"CODE_SIGN_IDENTITY[sdk=iphoneos*]" = "iPhone Developer";
				COPY_PHASE_STRIP = NO;
				DEBUG_INFORMATION_FORMAT = "dwarf-with-dsym";
				ENABLE_NS_ASSERTIONS = NO;
				ENABLE_STRICT_OBJC_MSGSEND = YES;
				GCC_C_LANGUAGE_STANDARD = gnu99;
				GCC_NO_COMMON_BLOCKS = YES;
				GCC_WARN_64_TO_32_BIT_CONVERSION = YES;
				GCC_WARN_ABOUT_RETURN_TYPE = YES_ERROR;
				GCC_WARN_UNDECLARED_SELECTOR = YES;
				GCC_WARN_UNINITIALIZED_AUTOS = YES_AGGRESSIVE;
				GCC_WARN_UNUSED_FUNCTION = YES;
				GCC_WARN_UNUSED_VARIABLE = YES;
				IPHONEOS_DEPLOYMENT_TARGET = 9.3;
				MTL_ENABLE_DEBUG_INFO = NO;
				SDKROOT = iphoneos;
				TARGETED_DEVICE_FAMILY = "1,2";
				VALIDATE_PRODUCT = YES;
			};
			name = Release;
		};
		21D6296F1D28B2CD009D08A0 /* Debug */ = {
			isa = XCBuildConfiguration;
			buildSettings = {
				ASSETCATALOG_COMPILER_APPICON_NAME = AppIcon;
				CODE_SIGN_IDENTITY = "iPhone Developer";
				"CODE_SIGN_IDENTITY[sdk=iphoneos*]" = "iPhone Developer";
				INFOPLIST_FILE = nowdu/Info.plist;
				LD_RUNPATH_SEARCH_PATHS = "$(inherited) @executable_path/Frameworks";
				PRODUCT_BUNDLE_IDENTIFIER = com.nicewrk.nowdu;
				PRODUCT_NAME = "$(TARGET_NAME)";
				PROVISIONING_PROFILE = "";
			};
			name = Debug;
		};
		21D629701D28B2CD009D08A0 /* Release */ = {
			isa = XCBuildConfiguration;
			buildSettings = {
				ASSETCATALOG_COMPILER_APPICON_NAME = AppIcon;
				CODE_SIGN_IDENTITY = "iPhone Developer";
				"CODE_SIGN_IDENTITY[sdk=iphoneos*]" = "iPhone Developer";
				INFOPLIST_FILE = nowdu/Info.plist;
				LD_RUNPATH_SEARCH_PATHS = "$(inherited) @executable_path/Frameworks";
				PRODUCT_BUNDLE_IDENTIFIER = com.nicewrk.nowdu;
				PRODUCT_NAME = "$(TARGET_NAME)";
				PROVISIONING_PROFILE = "";
			};
			name = Release;
		};
		21D629721D28B2CD009D08A0 /* Debug */ = {
			isa = XCBuildConfiguration;
			buildSettings = {
				BUNDLE_LOADER = "$(TEST_HOST)";
				INFOPLIST_FILE = nowduTests/Info.plist;
				LD_RUNPATH_SEARCH_PATHS = "$(inherited) @executable_path/Frameworks @loader_path/Frameworks";
				PRODUCT_BUNDLE_IDENTIFIER = com.nicewrk.nowduTests;
				PRODUCT_NAME = "$(TARGET_NAME)";
				TEST_HOST = "$(BUILT_PRODUCTS_DIR)/nowdu.app/nowdu";
			};
			name = Debug;
		};
		21D629731D28B2CD009D08A0 /* Release */ = {
			isa = XCBuildConfiguration;
			buildSettings = {
				BUNDLE_LOADER = "$(TEST_HOST)";
				INFOPLIST_FILE = nowduTests/Info.plist;
				LD_RUNPATH_SEARCH_PATHS = "$(inherited) @executable_path/Frameworks @loader_path/Frameworks";
				PRODUCT_BUNDLE_IDENTIFIER = com.nicewrk.nowduTests;
				PRODUCT_NAME = "$(TARGET_NAME)";
				TEST_HOST = "$(BUILT_PRODUCTS_DIR)/nowdu.app/nowdu";
			};
			name = Release;
		};
		21D629751D28B2CD009D08A0 /* Debug */ = {
			isa = XCBuildConfiguration;
			buildSettings = {
				INFOPLIST_FILE = nowduUITests/Info.plist;
				LD_RUNPATH_SEARCH_PATHS = "$(inherited) @executable_path/Frameworks @loader_path/Frameworks";
				PRODUCT_BUNDLE_IDENTIFIER = com.nicewrk.nowduUITests;
				PRODUCT_NAME = "$(TARGET_NAME)";
				TEST_TARGET_NAME = nowdu;
			};
			name = Debug;
		};
		21D629761D28B2CD009D08A0 /* Release */ = {
			isa = XCBuildConfiguration;
			buildSettings = {
				INFOPLIST_FILE = nowduUITests/Info.plist;
				LD_RUNPATH_SEARCH_PATHS = "$(inherited) @executable_path/Frameworks @loader_path/Frameworks";
				PRODUCT_BUNDLE_IDENTIFIER = com.nicewrk.nowduUITests;
				PRODUCT_NAME = "$(TARGET_NAME)";
				TEST_TARGET_NAME = nowdu;
			};
			name = Release;
		};
/* End XCBuildConfiguration section */

/* Begin XCConfigurationList section */
		21D629411D28B2CD009D08A0 /* Build configuration list for PBXProject "nowdu" */ = {
			isa = XCConfigurationList;
			buildConfigurations = (
				21D6296C1D28B2CD009D08A0 /* Debug */,
				21D6296D1D28B2CD009D08A0 /* Release */,
			);
			defaultConfigurationIsVisible = 0;
			defaultConfigurationName = Release;
		};
		21D6296E1D28B2CD009D08A0 /* Build configuration list for PBXNativeTarget "nowdu" */ = {
			isa = XCConfigurationList;
			buildConfigurations = (
				21D6296F1D28B2CD009D08A0 /* Debug */,
				21D629701D28B2CD009D08A0 /* Release */,
			);
			defaultConfigurationIsVisible = 0;
			defaultConfigurationName = Release;
		};
		21D629711D28B2CD009D08A0 /* Build configuration list for PBXNativeTarget "nowduTests" */ = {
			isa = XCConfigurationList;
			buildConfigurations = (
				21D629721D28B2CD009D08A0 /* Debug */,
				21D629731D28B2CD009D08A0 /* Release */,
			);
			defaultConfigurationIsVisible = 0;
			defaultConfigurationName = Release;
		};
		21D629741D28B2CD009D08A0 /* Build configuration list for PBXNativeTarget "nowduUITests" */ = {
			isa = XCConfigurationList;
			buildConfigurations = (
				21D629751D28B2CD009D08A0 /* Debug */,
				21D629761D28B2CD009D08A0 /* Release */,
			);
			defaultConfigurationIsVisible = 0;
			defaultConfigurationName = Release;
		};
/* End XCConfigurationList section */
	};
	rootObject = 21D6293E1D28B2CD009D08A0 /* Project object */;
}
